{
  "version": 4,
  "terraform_version": "1.14.7",
  "serial": 4,
  "lineage": "865cbfdd-aa70-26e7-9380-0e057b118a77",
  "outputs": {},
  "resources": [
    {
      "mode": "managed",
      "type": "local_file",
      "name": "env_file",
      "provider": "provider[\"registry.terraform.io/hashicorp/local\"]",
      "instances": [
        {
          "schema_version": 0,
          "attributes": {
            "content": "Production environment",
            "content_base64": null,
            "content_base64sha256": "ZzlfRil3LDHe0svtOYQ7Xh+pJWUmvBdjMpjKxKGGTk0=",
            "content_base64sha512": "HGcfEm9Q2PE4x3C845kly6rZp/lp+n3OUU7WzBwSwmrDhmU7Yuc0VPNmTAy12daNLpxo1L9W2qotvPI7w3VWcw==",
            "content_md5": "89285d428891f0338cae04e91b396813",
            "content_sha1": "56223686673ea90d19b3ea6af806ce8932aa208a",
            "content_sha256": "67395f4629772c31ded2cbed39843b5e1fa9256526bc17633298cac4a1864e4d",
            "content_sha512": "1c671f126f50d8f138c770bce39925cbaad9a7f969fa7dce514ed6cc1c12c26ac386653b62e73454f3664c0cb5d9d68d2e9c68d4bf56daaa2dbcf23bc3755673",
            "directory_permission": "0777",
            "file_permission": "0777",
            "filename": "prod.txt",
            "id": "56223686673ea90d19b3ea6af806ce8932aa208a",
            "sensitive_content": null,
            "source": null
          },
          "sensitive_attributes": [
            [
              {
                "type": "get_attr",
                "value": "sensitive_content"
              }
            ]
          ],
          "identity_schema_version": 0
        }
      ]
    }
  ],
  "check_results": null
}
